
Microsoft Visual Studio Solution File, Format Version 12.00
# Visual Studio Version 17
VisualStudioVersion = 17.9.34902.65
MinimumVisualStudioVersion = 10.0.40219.1
Project("{FAE04EC0-301F-11D3-BF4B-00C04F79EFBC}") = "Wpf_Crud", "Wpf_Crud\Wpf_Crud.csproj", "{B14D51BD-8437-49B8-A594-24DCFF6706A7}"
EndProject
Global
	GlobalSection(SolutionConfigurationPlatforms) = preSolution
		Debug|Any CPU = Debug|Any CPU
		Release|Any CPU = Release|Any CPU
	EndGlobalSection
	GlobalSection(ProjectConfigurationPlatforms) = postSolution
		{B14D51BD-8437-49B8-A594-24DCFF6706A7}.Debug|Any CPU.ActiveCfg = Debug|Any CPU
		{B14D51BD-8437-49B8-A594-24DCFF6706A7}.Debug|Any CPU.Build.0 = Debug|Any CPU
		{B14D51BD-8437-49B8-A594-24DCFF6706A7}.Release|Any CPU.ActiveCfg = Release|Any CPU
		{B14D51BD-8437-49B8-A594-24DCFF6706A7}.Release|Any CPU.Build.0 = Release|Any CPU
	EndGlobalSection
	GlobalSection(SolutionProperties) = preSolution
		HideSolutionNode = FALSE
	EndGlobalSection
	GlobalSection(ExtensibilityGlobals) = postSolution
		SolutionGuid = {37F394DC-2F73-477A-BDEE-013947FC25A7}
	EndGlobalSection
EndGlobal
